// !$*UTF8*$!
{
	archiveVersion = 1;
	classes = {
	};
	objectVersion = 46;
	objects = {

/* Begin PBXBuildFile section */
		BA970C5A1CB9B84A00878A76 /* AppDelegate.swift in Sources */ = {isa = PBXBuildFile; fileRef = BA970C591CB9B84A00878A76 /* AppDelegate.swift */; };
		BA970C5C1CB9B84A00878A76 /* ViewController.swift in Sources */ = {isa = PBXBuildFile; fileRef = BA970C5B1CB9B84A00878A76 /* ViewController.swift */; };
		BA970C5F1CB9B84A00878A76 /* Main.storyboard in Resources */ = {isa = PBXBuildFile; fileRef = BA970C5D1CB9B84A00878A76 /* Main.storyboard */; };
		BA970C621CB9B84A00878A76 /* PQR.xcdatamodeld in Sources */ = {isa = PBXBuildFile; fileRef = BA970C601CB9B84A00878A76 /* PQR.xcdatamodeld */; };
		BA970C641CB9B84A00878A76 /* Assets.xcassets in Resources */ = {isa = PBXBuildFile; fileRef = BA970C631CB9B84A00878A76 /* Assets.xcassets */; };
		BA970C671CB9B84A00878A76 /* LaunchScreen.storyboard in Resources */ = {isa = PBXBuildFile; fileRef = BA970C651CB9B84A00878A76 /* LaunchScreen.storyboard */; };
/* End PBXBuildFile section */

/* Begin PBXFileReference section */
		BA970C561CB9B84800878A76 /* PQR.app */ = {isa = PBXFileReference; explicitFileType = wrapper.application; includeInIndex = 0; path = PQR.app; sourceTree = BUILT_PRODUCTS_DIR; };
		BA970C591CB9B84A00878A76 /* AppDelegate.swift */ = {isa = PBXFileReference; lastKnownFileType = sourcecode.swift; path = AppDelegate.swift; sourceTree = "<group>"; };
		BA970C5B1CB9B84A00878A76 /* ViewController.swift */ = {isa = PBXFileReference; lastKnownFileType = sourcecode.swift; path = ViewController.swift; sourceTree = "<group>"; };
		BA970C5E1CB9B84A00878A76 /* Base */ = {isa = PBXFileReference; lastKnownFileType = file.storyboard; name = Base; path = Base.lproj/Main.storyboard; sourceTree = "<group>"; };
		BA970C611CB9B84A00878A76 /* PQR.xcdatamodel */ = {isa = PBXFileReference; lastKnownFileType = wrapper.xcdatamodel; path = PQR.xcdatamodel; sourceTree = "<group>"; };
		BA970C631CB9B84A00878A76 /* Assets.xcassets */ = {isa = PBXFileReference; lastKnownFileType = folder.assetcatalog; path = Assets.xcassets; sourceTree = "<group>"; };
		BA970C661CB9B84A00878A76 /* Base */ = {isa = PBXFileReference; lastKnownFileType = file.storyboard; name = Base; path = Base.lproj/LaunchScreen.storyboard; sourceTree = "<group>"; };
		BA970C681CB9B84A00878A76 /* Info.plist */ = {isa = PBXFileReference; lastKnownFileType = text.plist.xml; path = Info.plist; sourceTree = "<group>"; };
/* End PBXFileReference section */

/* Begin PBXFrameworksBuildPhase section */
		BA970C531CB9B84800878A76 /* Frameworks */ = {
			isa = PBXFrameworksBuildPhase;
			buildActionMask = 2147483647;
			files = (
			);
			runOnlyForDeploymentPostprocessing = 0;
		};
/* End PBXFrameworksBuildPhase section */

/* Begin PBXGroup section */
		BA970C4D1CB9B84800878A76 = {
			isa = PBXGroup;
			children = (
				BA970C581CB9B84900878A76 /* PQR */,
				BA970C571CB9B84800878A76 /* Products */,
			);
			sourceTree = "<group>";
		};
		BA970C571CB9B84800878A76 /* Products */ = {
			isa = PBXGroup;
			children = (
				BA970C561CB9B84800878A76 /* PQR.app */,
			);
			name = Products;
			sourceTree = "<group>";
		};
		BA970C581CB9B84900878A76 /* PQR */ = {
			isa = PBXGroup;
			children = (
				BA970C591CB9B84A00878A76 /* AppDelegate.swift */,
				BA970C5B1CB9B84A00878A76 /* ViewController.swift */,
				BA970C5D1CB9B84A00878A76 /* Main.storyboard */,
				BA970C631CB9B84A00878A76 /* Assets.xcassets */,
				BA970C651CB9B84A00878A76 /* LaunchScreen.storyboard */,
				BA970C681CB9B84A00878A76 /* Info.plist */,
				BA970C601CB9B84A00878A76 /* PQR.xcdatamodeld */,
			);
			path = PQR;
			sourceTree = "<group>";
		};
/* End PBXGroup section */

/* Begin PBXNativeTarget section */
		BA970C551CB9B84800878A76 /* PQR */ = {
			isa = PBXNativeTarget;
			buildConfigurationList = BA970C6B1CB9B84A00878A76 /* Build configuration list for PBXNativeTarget "PQR" */;
			buildPhases = (
				BA970C521CB9B84800878A76 /* Sources */,
				BA970C531CB9B84800878A76 /* Frameworks */,
				BA970C541CB9B84800878A76 /* Resources */,
			);
			buildRules = (
			);
			dependencies = (
			);
			name = PQR;
			productName = PQR;
			productReference = BA970C561CB9B84800878A76 /* PQR.app */;
			productType = "com.apple.product-type.application";
		};
/* End PBXNativeTarget section */

/* Begin PBXProject section */
		BA970C4E1CB9B84800878A76 /* Project object */ = {
			isa = PBXProject;
			attributes = {
				LastSwiftUpdateCheck = 0730;
				LastUpgradeCheck = 0730;
				ORGANIZATIONNAME = sahil;
				TargetAttributes = {
					BA970C551CB9B84800878A76 = {
						CreatedOnToolsVersion = 7.3;
					};
				};
			};
			buildConfigurationList = BA970C511CB9B84800878A76 /* Build configuration list for PBXProject "PQR" */;
			compatibilityVersion = "Xcode 3.2";
			developmentRegion = English;
			hasScannedForEncodings = 0;
			knownRegions = (
				en,
				Base,
			);
			mainGroup = BA970C4D1CB9B84800878A76;
			productRefGroup = BA970C571CB9B84800878A76 /* Products */;
			projectDirPath = "";
			projectRoot = "";
			targets = (
				BA970C551CB9B84800878A76 /* PQR */,
			);
		};
/* End PBXProject section */

/* Begin PBXResourcesBuildPhase section */
		BA970C541CB9B84800878A76 /* Resources */ = {
			isa = PBXResourcesBuildPhase;
			buildActionMask = 2147483647;
			files = (
				BA970C671CB9B84A00878A76 /* LaunchScreen.storyboard in Resources */,
				BA970C641CB9B84A00878A76 /* Assets.xcassets in Resources */,
				BA970C5F1CB9B84A00878A76 /* Main.storyboard in Resources */,
			);
			runOnlyForDeploymentPostprocessing = 0;
		};
/* End PBXResourcesBuildPhase section */

/* Begin PBXSourcesBuildPhase section */
		BA970C521CB9B84800878A76 /* Sources */ = {
			isa = PBXSourcesBuildPhase;
			buildActionMask = 2147483647;
			files = (
				BA970C5C1CB9B84A00878A76 /* ViewController.swift in Sources */,
				BA970C621CB9B84A00878A76 /* PQR.xcdatamodeld in Sources */,
				BA970C5A1CB9B84A00878A76 /* AppDelegate.swift in Sources */,
			);
			runOnlyForDeploymentPostprocessing = 0;
		};
/* End PBXSourcesBuildPhase section */

/* Begin PBXVariantGroup section */
		BA970C5D1CB9B84A00878A76 /* Main.storyboard */ = {
			isa = PBXVariantGroup;
			children = (
				BA970C5E1CB9B84A00878A76 /* Base */,
			);
			name = Main.storyboard;
			sourceTree = "<group>";
		};
		BA970C651CB9B84A00878A76 /* LaunchScreen.storyboard */ = {
			isa = PBXVariantGroup;
			children = (
				BA970C661CB9B84A00878A76 /* Base */,
			);
			name = LaunchScreen.storyboard;
			sourceTree = "<group>";
		};
/* End PBXVariantGroup section */

/* Begin XCBuildConfiguration section */
		BA970C691CB9B84A00878A76 /* Debug */ = {
			isa = XCBuildConfiguration;
			buildSettings = {
				ALWAYS_SEARCH_USER_PATHS = NO;
				CLANG_ANALYZER_NONNULL = YES;
				CLANG_CXX_LANGUAGE_STANDARD = "gnu++0x";
				CLANG_CXX_LIBRARY = "libc++";
				CLANG_ENABLE_MODULES = YES;
				CLANG_ENABLE_OBJC_ARC = YES;
				CLANG_WARN_BOOL_CONVERSION = YES;
				CLANG_WARN_CONSTANT_CONVERSION = YES;
				CLANG_WARN_DIRECT_OBJC_ISA_USAGE = YES_ERROR;
				CLANG_WARN_EMPTY_BODY = YES;
				CLANG_WARN_ENUM_CONVERSION = YES;
				CLANG_WARN_INT_CONVERSION = YES;
				CLANG_WARN_OBJC_ROOT_CLASS = YES_ERROR;
				CLANG_WARN_UNREACHABLE_CODE = YES;
				CLANG_WARN__DUPLICATE_METHOD_MATCH = YES;
				"CODE_SIGN_IDENTITY[sdk=iphoneos*]" = "iPhone Developer";
				COPY_PHASE_STRIP = NO;
				DEBUG_INFORMATION_FORMAT = dwarf;
				ENABLE_STRICT_OBJC_MSGSEND = YES;
				ENABLE_TESTABILITY = YES;
				GCC_C_LANGUAGE_STANDARD = gnu99;
				GCC_DYNAMIC_NO_PIC = NO;
				GCC_NO_COMMON_BLOCKS = YES;
				GCC_OPTIMIZATION_LEVEL = 0;
				GCC_PREPROCESSOR_DEFINITIONS = (
					"DEBUG=1",
					"$(inherited)",
				);
				GCC_WARN_64_TO_32_BIT_CONVERSION = YES;
				GCC_WARN_ABOUT_RETURN_TYPE = YES_ERROR;
				GCC_WARN_UNDECLARED_SELECTOR = YES;
				GCC_WARN_UNINITIALIZED_AUTOS = YES_AGGRESSIVE;
				GCC_WARN_UNUSED_FUNCTION = YES;
				GCC_WARN_UNUSED_VARIABLE = YES;
				IPHONEOS_DEPLOYMENT_TARGET = 9.3;
				MTL_ENABLE_DEBUG_INFO = YES;
				ONLY_ACTIVE_ARCH = YES;
				SDKROOT = iphoneos;
				SWIFT_OPTIMIZATION_LEVEL = "-Onone";
			};
			name = Debug;
		};
		BA970C6A1CB9B84A00878A76 /* Release */ = {
			isa = XCBuildConfiguration;
			buildSettings = {
				ALWAYS_SEARCH_USER_PATHS = NO;
				CLANG_ANALYZER_NONNULL = YES;
				CLANG_CXX_LANGUAGE_STANDARD = "gnu++0x";
				CLANG_CXX_LIBRARY = "libc++";
				CLANG_ENABLE_MODULES = YES;
				CLANG_ENABLE_OBJC_ARC = YES;
				CLANG_WARN_BOOL_CONVERSION = YES;
				CLANG_WARN_CONSTANT_CONVERSION = YES;
				CLANG_WARN_DIRECT_OBJC_ISA_USAGE = YES_ERROR;
				CLANG_WARN_EMPTY_BODY = YES;
				CLANG_WARN_ENUM_CONVERSION = YES;
				CLANG_WARN_INT_CONVERSION = YES;
				CLANG_WARN_OBJC_ROOT_CLASS = YES_ERROR;
				CLANG_WARN_UNREACHABLE_CODE = YES;
				CLANG_WARN__DUPLICATE_METHOD_MATCH = YES;
				"CODE_SIGN_IDENTITY[sdk=iphoneos*]" = "iPhone Developer";
				COPY_PHASE_STRIP = NO;
				DEBUG_INFORMATION_FORMAT = "dwarf-with-dsym";
				ENABLE_NS_ASSERTIONS = NO;
				ENABLE_STRICT_OBJC_MSGSEND = YES;
				GCC_C_LANGUAGE_STANDARD = gnu99;
				GCC_NO_COMMON_BLOCKS = YES;
				GCC_WARN_64_TO_32_BIT_CONVERSION = YES;
				GCC_WARN_ABOUT_RETURN_TYPE = YES_ERROR;
				GCC_WARN_UNDECLARED_SELECTOR = YES;
				GCC_WARN_UNINITIALIZED_AUTOS = YES_AGGRESSIVE;
				GCC_WARN_UNUSED_FUNCTION = YES;
				GCC_WARN_UNUSED_VARIABLE = YES;
				IPHONEOS_DEPLOYMENT_TARGET = 9.3;
				MTL_ENABLE_DEBUG_INFO = NO;
				SDKROOT = iphoneos;
				VALIDATE_PRODUCT = YES;
			};
			name = Release;
		};
		BA970C6C1CB9B84A00878A76 /* Debug */ = {
			isa = XCBuildConfiguration;
			buildSettings = {
				ASSETCATALOG_COMPILER_APPICON_NAME = AppIcon;
				INFOPLIST_FILE = PQR/Info.plist;
				LD_RUNPATH_SEARCH_PATHS = "$(inherited) @executable_path/Frameworks";
				PRODUCT_BUNDLE_IDENTIFIER = sahil.PQR;
				PRODUCT_NAME = "$(TARGET_NAME)";
			};
			name = Debug;
		};
		BA970C6D1CB9B84A00878A76 /* Release */ = {
			isa = XCBuildConfiguration;
			buildSettings = {
				ASSETCATALOG_COMPILER_APPICON_NAME = AppIcon;
				INFOPLIST_FILE = PQR/Info.plist;
				LD_RUNPATH_SEARCH_PATHS = "$(inherited) @executable_path/Frameworks";
				PRODUCT_BUNDLE_IDENTIFIER = sahil.PQR;
				PRODUCT_NAME = "$(TARGET_NAME)";
			};
			name = Release;
		};
/* End XCBuildConfiguration section */

/* Begin XCConfigurationList section */
		BA970C511CB9B84800878A76 /* Build configuration list for PBXProject "PQR" */ = {
			isa = XCConfigurationList;
			buildConfigurations = (
				BA970C691CB9B84A00878A76 /* Debug */,
				BA970C6A1CB9B84A00878A76 /* Release */,
			);
			defaultConfigurationIsVisible = 0;
			defaultConfigurationName = Release;
		};
		BA970C6B1CB9B84A00878A76 /* Build configuration list for PBXNativeTarget "PQR" */ = {
			isa = XCConfigurationList;
			buildConfigurations = (
				BA970C6C1CB9B84A00878A76 /* Debug */,
				BA970C6D1CB9B84A00878A76 /* Release */,
			);
			defaultConfigurationIsVisible = 0;
		};
/* End XCConfigurationList section */

/* Begin XCVersionGroup section */
		BA970C601CB9B84A00878A76 /* PQR.xcdatamodeld */ = {
			isa = XCVersionGroup;
			children = (
				BA970C611CB9B84A00878A76 /* PQR.xcdatamodel */,
			);
			currentVersion = BA970C611CB9B84A00878A76 /* PQR.xcdatamodel */;
			path = PQR.xcdatamodeld;
			sourceTree = "<group>";
			versionGroupType = wrapper.xcdatamodel;
		};
/* End XCVersionGroup section */
	};
	rootObject = BA970C4E1CB9B84800878A76 /* Project object */;
}
